{
  "version": 4,
  "terraform_version": "0.12.20",
  "serial": 22,
  "lineage": "06813441-a1d6-033c-b22b-1c4004887ebc",
  "outputs": {},
  "resources": [
    {
      "module": "module.vultr-webserver",
      "mode": "data",
      "type": "vultr_ssh_key",
      "name": "terraform_key",
      "provider": "module.vultr-webserver.provider.vultr",
      "instances": [
        {
          "schema_version": 0,
          "attributes": {
            "date_created": "2020-05-19 12:07:21",
            "filter": [
              {
                "name": "name",
                "values": [
                  "terraform_key"
                ]
              }
            ],
            "id": "5ec3cbf94cab4",
            "name": "terraform_key",
            "ssh_key": "ssh-rsa AAAAB3NzaC1yc2EAAAABJQAAAQEAhhn6n/ohu/nnkHu6X3o4tEz+H/Wcy2B/cknKE06+lBmfIfcs768mGQLx4meue1noR7scKrUIlWZz9GcmNzDgKTLSJXA2M270zPBKufXXirnM0KcilU9tzeDKtD04FqQDSABOdbXi9jsbUht218oQXGC0fSI3v26lBemlQAMvHokUkyYjIAchqNZbeRn6N2MBkTeMVsiPjLLnl+BHgn21tGHxVGROAUAIhSOp71PdPyDY9pI145Kw/0HOpw4I6sK3VHTDwArUG0XDOWCdDHp57d2qPts2zpnGZ4e4oCONQWiZ/4e8NvjBDRVV7ZrnxUuIPV9NxbUXBIWRvJQhHB9MIQ== rsa-key-20200519"
          }
        }
      ]
    },
    {
      "module": "module.vultr-webserver",
      "mode": "managed",
      "type": "vultr_server",
      "name": "web",
      "provider": "module.vultr-webserver.provider.vultr",
      "instances": [
        {
          "schema_version": 0,
          "attributes": {
            "allowed_bandwidth": "1000",
            "app_id": 0,
            "auto_backup": null,
            "cost_per_month": "5.00",
            "current_bandwidth": 0,
            "date_created": "2020-05-19 12:08:12",
            "ddos_protection": null,
            "default_password": "$sC7LXgDBYTX$?#*",
            "disk": "Virtual 25 GB",
            "enable_ipv6": null,
            "enable_private_network": null,
            "firewall_group_id": "0",
            "gateway_v4": "45.32.8.1",
            "hostname": "webserver",
            "id": "37175089",
            "internal_ip": "",
            "iso_id": null,
            "kvm_url": "https://my.vultr.com/subs/vps/novnc/api.php?data=djJ8MlQ0UkpsQ1lfdkpZazNWOHhkUDZMcHZCcG5kU3RzYjN8x-I9_KJzq7e_YqB9lHaIfHLeEWTcGwZyF_NBQhqGM2OQd92EatwLv1pOc5zEH05m9XU8_XOuPXynrAj8POaYXNmYv3WAKNXEGbKzfPO0jJUSrnZ2nBWuprEjbEI86XgU6pRp8B4nZVvTaRvK8mXpVQWShI7nhBL3XbgGSVBkhGWBlYgJ",
            "label": "webserver",
            "location": "Tokyo",
            "main_ip": "45.32.8.142",
            "netmask_v4": "255.255.254.0",
            "network_ids": [],
            "network_ips": {},
            "network_macs": {},
            "notify_activate": null,
            "os": "CentOS SELinux 7 x64",
            "os_id": 381,
            "pending_charges": "0.01",
            "plan_id": 201,
            "power_status": "running",
            "ram": "1024 MB",
            "region_id": 25,
            "reserved_ip": null,
            "script_id": null,
            "server_state": "installingbooting",
            "snapshot_id": null,
            "ssh_key_ids": [
              "5ec3cbf94cab4"
            ],
            "status": "active",
            "tag": "infra",
            "user_data": null,
            "v6_networks": [],
            "vps_cpu_count": "1"
          },
          "private": "bnVsbA=="
        }
      ]
    }
  ]
}
