{
  "version": 4,
  "terraform_version": "0.12.20",
  "serial": 11,
  "lineage": "95eb4544-f1eb-24ab-e1e8-abbea8d553f6",
  "outputs": {},
  "resources": [
    {
      "mode": "managed",
      "type": "vultr_server",
      "name": "web",
      "provider": "provider.vultr",
      "instances": [
        {
          "schema_version": 0,
          "attributes": {
            "allowed_bandwidth": "1000",
            "app_id": 0,
            "auto_backup": null,
            "cost_per_month": "5.00",
            "current_bandwidth": 0,
            "date_created": "2020-05-19 11:22:49",
            "ddos_protection": null,
            "default_password": "gF%47j7Hng)-sa_q",
            "disk": "Virtual 25 GB",
            "enable_ipv6": null,
            "enable_private_network": null,
            "firewall_group_id": "0",
            "gateway_v4": "107.191.52.1",
            "hostname": "webserver",
            "id": "37173102",
            "internal_ip": "",
            "iso_id": null,
            "kvm_url": "https://my.vultr.com/subs/vps/novnc/api.php?data=djJ8Ym1lRWtLOWpNRUNxMzYzT3pELW0zVDhTcDFfWGRSbTZ8sfnd4820fopUP3HzvD4qvpG0r_miMk4bh5ttptI9YLG6md0Pauro4Vz-KL9A_DFwP9WLphr3DUPlQ3uUcoF_H5TOA0kZNze85tjLC1UaHnvFEUK8hzBATpcuZDpdgTT3Uqjka81wFRiMHWAXSasox6Z69YK-K9tND3No7cpLCOlbgEKw",
            "label": "webserver",
            "location": "Tokyo",
            "main_ip": "107.191.53.123",
            "netmask_v4": "255.255.254.0",
            "network_ids": [],
            "network_ips": {},
            "network_macs": {},
            "notify_activate": null,
            "os": "CentOS SELinux 7 x64",
            "os_id": 381,
            "pending_charges": "0.01",
            "plan_id": 201,
            "power_status": "running",
            "ram": "1024 MB",
            "region_id": 25,
            "reserved_ip": null,
            "script_id": null,
            "server_state": "installingbooting",
            "snapshot_id": null,
            "ssh_key_ids": null,
            "status": "active",
            "tag": "infra",
            "user_data": null,
            "v6_networks": [],
            "vps_cpu_count": "1"
          },
          "private": "bnVsbA=="
        }
      ]
    },
    {
      "mode": "managed",
      "type": "vultr_ssh_key",
      "name": "ssh_key",
      "provider": "provider.vultr",
      "instances": [
        {
          "schema_version": 0,
          "attributes": {
            "date_created": "2020-05-19 11:22:49",
            "id": "5ec3c1890f177",
            "name": "windows key",
            "ssh_key": "ssh-rsa AAAAB3NzaC1yc2EAAAABJQAAAQEAzsuAgKnEWBvlxBsGWu6usRsNSTPTLnYB78oz7a+YvGSVkRGWm2VpPY11lXEmz6PvaiAHuDrYnoYYN0/1W85YqNOCiyLrvy2lD5FwsJjyX8/tQAQ7hfwkqx7lEt }"
          },
          "private": "bnVsbA=="
        }
      ]
    }
  ]
}
