{
  "version": 4,
  "terraform_version": "0.12.20",
  "serial": 17,
  "lineage": "95eb4544-f1eb-24ab-e1e8-abbea8d553f6",
  "outputs": {},
  "resources": [
    {
      "mode": "data",
      "type": "vultr_ssh_key",
      "name": "ubuntu",
      "provider": "provider.vultr",
      "instances": [
        {
          "schema_version": 0,
          "attributes": {
            "date_created": "2018-01-10 10:39:00",
            "filter": [
              {
                "name": "name",
                "values": [
                  "ubuntu"
                ]
              }
            ],
            "id": "5a55ed44d9506",
            "name": "ubuntu",
            "ssh_key": "ssh-rsa AAAAB3NzaC1yc2EAAAADAQABAAABAQDcy5Emj7NCjIStAl0KzqHUq4+wQQDkzYb+mLxWdd/7mMjzGs/EeX7SQf+hxSh+b6Mk0RJOfpY6Qx9FN3Pvhj/5deLJ9kYS1yNPmtX6Acdr22xPUPyECh8IpsFInmAGtCT0lD6GXLgTWta0Sdaz/hA/hbCM6hbeTEyC58NDzVoo38XyC1gTolydek8e1dsflWGp/45tFLxbsv2IJEyRd3jzgeE5KG280DMVukUpfY7UnUOs9iyVOCeLLAP+clf3JfdP8kDsyE5gWGsVUA3kINUAZ32HiBWGYsAguAvXPL8YRa2AMGC8PeM5T6SlFS7dKeJ0a1b2w7SChuy6MnUrX3o/"
          }
        }
      ]
    },
    {
      "mode": "managed",
      "type": "vultr_firewall_group",
      "name": "web_firewall",
      "provider": "provider.vultr",
      "instances": [
        {
          "schema_version": 0,
          "attributes": {
            "date_created": "2020-05-24 13:51:29",
            "date_modified": "2020-05-24 13:51:29",
            "description": "web firewall",
            "id": "f30cc7d3",
            "instance_count": 0,
            "max_rule_count": 50,
            "rule_count": 0
          },
          "private": "bnVsbA=="
        }
      ]
    },
    {
      "mode": "managed",
      "type": "vultr_firewall_rule",
      "name": "web_firewall_rule",
      "provider": "provider.vultr",
      "instances": [
        {
          "schema_version": 0,
          "attributes": {
            "firewall_group_id": "f30cc7d3",
            "from_port": 80,
            "id": "1",
            "ip_type": "v4",
            "network": "0.0.0.0/0",
            "notes": "",
            "protocol": "tcp",
            "to_port": 0
          },
          "private": "bnVsbA==",
          "dependencies": [
            "vultr_firewall_group.web_firewall"
          ]
        }
      ]
    },
    {
      "mode": "managed",
      "type": "vultr_server",
      "name": "web",
      "provider": "provider.vultr",
      "instances": [
        {
          "status": "tainted",
          "schema_version": 0,
          "attributes": {
            "allowed_bandwidth": "1000",
            "app_id": 0,
            "auto_backup": null,
            "cost_per_month": "5.00",
            "current_bandwidth": 0,
            "date_created": "2020-05-24 13:51:29",
            "ddos_protection": null,
            "default_password": "F3_x{q!NgmQQ6}*8",
            "disk": "Virtual 25 GB",
            "enable_ipv6": null,
            "enable_private_network": null,
            "firewall_group_id": "f30cc7d3",
            "gateway_v4": "45.32.48.1",
            "hostname": "webserver",
            "id": "37386694",
            "internal_ip": "",
            "iso_id": null,
            "kvm_url": "https://my.vultr.com/subs/vps/novnc/api.php?data=djJ8WGNGY2o0NHJicHNWTHRXYzhZYU9SWUVudUZGZVB6Z1V8JBB48PqudBiMOgmXb4qUV659VWajuJGx83PpDSEozNxSO44Q0lq2uEdk0FYy21JgxHBPbhWeVxtLiLeiIWUhzdkrZv5T1kXlJYG0RQrv_TMJogoGvFMzGijDVovzbYjFZGgp-UWpO8xIxMjMnAa8EssVMt37Ih83Fyq0mYhSZhIPe6SJ",
            "label": "webserver",
            "location": "Tokyo",
            "main_ip": "45.32.51.64",
            "netmask_v4": "255.255.252.0",
            "network_ids": [],
            "network_ips": {},
            "network_macs": {},
            "notify_activate": null,
            "os": "CentOS SELinux 7 x64",
            "os_id": 381,
            "pending_charges": "0.01",
            "plan_id": 201,
            "power_status": "running",
            "ram": "1024 MB",
            "region_id": 25,
            "reserved_ip": null,
            "script_id": null,
            "server_state": "installingbooting",
            "snapshot_id": null,
            "ssh_key_ids": [
              "5a55ed44d9506"
            ],
            "status": "active",
            "tag": "infra",
            "user_data": "#!/bin/bash\nyum update -y\nyum install httpd -y\ncp /home/web/upload/index.html /var/www/html\nchmod 644 /var/www/html/index.html\nsystemctl enable httpd\nsystemctl start httpd\n",
            "v6_networks": [],
            "vps_cpu_count": "1"
          },
          "private": "bnVsbA==",
          "dependencies": [
            "vultr_firewall_group.web_firewall"
          ]
        }
      ]
    }
  ]
}
