{
  "version": 4,
  "terraform_version": "0.12.20",
  "serial": 205,
  "lineage": "ec1a4b40-9ef7-560c-5184-e15858eaef32",
  "outputs": {
    "main_ip": {
      "value": "137.220.38.43",
      "type": "string"
    }
  },
  "resources": [
    {
      "mode": "data",
      "type": "vultr_ssh_key",
      "name": "terraform_key",
      "provider": "provider.vultr",
      "instances": [
        {
          "schema_version": 0,
          "attributes": {
            "date_created": "2020-05-24 14:15:31",
            "filter": [
              {
                "name": "name",
                "values": [
                  "terraform_key"
                ]
              }
            ],
            "id": "5eca81836c383",
            "name": "terraform_key",
            "ssh_key": "ssh-rsa AAAAB3NzaC1yc2EAAAADAQABAAABgQDD1/NhT86ZUz5DCmTPo3lV8iDh7acx0nhCKXmg8zVJcScdJbaq359MUiPAv5Mfz5xKiQWQtuuVPr3SYL8eRI+Kf2uWGYCErzcI8N1bqOPp5GJHeXueqW31YxBr/Y2IKyrsFmoAaUdXogopnGP/V8reJ7tQOyEmufUgGBLSkyE66HbmA4Y6GIPCRpaj1yYC9yagr2TxG0Z5XLDVK2Ssdtb+flMtwkV+HkXPoL/+BnE1kFYANpsK5zBAaNiMLesxb8fsTcxE5z1eK+/Ns4f0MeVAFmO8PdUJsBAE38VEPjSMVBmFHD5z+uY9xDmo9UGb5wexW+kDEOBdeNwaUNRBNxH3t3MaOmQ1vSHH9Dt3DI39QuimYQneLt+e3oKJoIGL5Stj+OiTXmlBFVk9KfJAskn9JTt211Wyb+y9Sibt+IjM7TEPC9BQtqheiQ/EDDiY5pFl9oA7hXqiqc1R7hl2nG3ld5wtAfQSFgWcxgfSguuXxdpD6dOGsiQBqsTIVok+2i8= root@vultrguest"
          }
        }
      ]
    },
    {
      "mode": "managed",
      "type": "vultr_firewall_group",
      "name": "swgemu_firewall",
      "provider": "provider.vultr",
      "instances": [
        {
          "schema_version": 0,
          "attributes": {
            "date_created": "2020-06-22 23:50:58",
            "date_modified": "2020-06-22 23:50:58",
            "description": "swgemu_firewall",
            "id": "65b6c2c7",
            "instance_count": 0,
            "max_rule_count": 50,
            "rule_count": 0
          },
          "private": "bnVsbA=="
        }
      ]
    },
    {
      "mode": "managed",
      "type": "vultr_firewall_rule",
      "name": "ssh_firewall_rule",
      "provider": "provider.vultr",
      "instances": [
        {
          "schema_version": 0,
          "attributes": {
            "firewall_group_id": "65b6c2c7",
            "from_port": 22,
            "id": "1",
            "ip_type": "v4",
            "network": "0.0.0.0/0",
            "notes": "",
            "protocol": "tcp",
            "to_port": 0
          },
          "private": "bnVsbA==",
          "dependencies": [
            "vultr_firewall_group.swgemu_firewall"
          ]
        }
      ]
    },
    {
      "mode": "managed",
      "type": "vultr_firewall_rule",
      "name": "swgemu_login_firewall_rule",
      "provider": "provider.vultr",
      "instances": [
        {
          "schema_version": 0,
          "attributes": {
            "firewall_group_id": "65b6c2c7",
            "from_port": 44453,
            "id": "2",
            "ip_type": "v4",
            "network": "0.0.0.0/0",
            "notes": "",
            "protocol": "tcp",
            "to_port": 0
          },
          "private": "bnVsbA==",
          "dependencies": [
            "vultr_firewall_group.swgemu_firewall"
          ]
        }
      ]
    },
    {
      "mode": "managed",
      "type": "vultr_server",
      "name": "swgemu",
      "provider": "provider.vultr",
      "instances": [
        {
          "status": "tainted",
          "schema_version": 0,
          "attributes": {
            "allowed_bandwidth": "4000",
            "app_id": 0,
            "auto_backup": null,
            "cost_per_month": "40.00",
            "current_bandwidth": 0,
            "date_created": "2020-06-22 23:50:58",
            "ddos_protection": null,
            "default_password": "v1E?_]AvCW3U]H+S",
            "disk": "Virtual 160 GB",
            "enable_ipv6": null,
            "enable_private_network": null,
            "firewall_group_id": "65b6c2c7",
            "gateway_v4": "137.220.38.1",
            "hostname": "swgemu",
            "id": "38525316",
            "internal_ip": "",
            "iso_id": null,
            "kvm_url": "https://my.vultr.com/subs/vps/novnc/api.php?data=djJ8d1BMZ0dEUmtQV1pYQnpYV2ZlLWhrM0Vzd2FGel9pc1J8QERlbnk3uQ1F0ZUyAWZXKrpLEt0JXkM_hwwGUBGmjjzwdY_ALwxGzUe2qbOx1iYbGawKT_ab1Sgt9ppMagh-DRIGVnatexaU2LBcqAYhlYynhkNHegSQT4GY7GEqpS5UGzkR6dk9u1UM4mvXxpuL32grjXmlvINzm3k1jGi-Rt27ZmI",
            "label": "swgemu",
            "location": "Seattle",
            "main_ip": "137.220.38.43",
            "netmask_v4": "255.255.254.0",
            "network_ids": [],
            "network_ips": {},
            "network_macs": {},
            "notify_activate": null,
            "os": "CentOS 7 x64",
            "os_id": 167,
            "pending_charges": "0.06",
            "plan_id": 204,
            "power_status": "running",
            "ram": "8192 MB",
            "region_id": 4,
            "reserved_ip": null,
            "script_id": null,
            "server_state": "installingbooting",
            "snapshot_id": null,
            "ssh_key_ids": [
              "5eca81836c383"
            ],
            "status": "active",
            "tag": "infra",
            "user_data": null,
            "v6_networks": [],
            "vps_cpu_count": "4"
          },
          "private": "bnVsbA==",
          "dependencies": [
            "vultr_firewall_group.swgemu_firewall"
          ]
        }
      ]
    }
  ]
}
