{
  "version": 4,
  "terraform_version": "0.12.20",
  "serial": 130,
  "lineage": "ec1a4b40-9ef7-560c-5184-e15858eaef32",
  "outputs": {},
  "resources": [
    {
      "mode": "data",
      "type": "vultr_ssh_key",
      "name": "terraform_key",
      "provider": "provider.vultr",
      "instances": [
        {
          "schema_version": 0,
          "attributes": {
            "date_created": "2020-05-24 14:15:31",
            "filter": [
              {
                "name": "name",
                "values": [
                  "terraform_key"
                ]
              }
            ],
            "id": "5eca81836c383",
            "name": "terraform_key",
            "ssh_key": "ssh-rsa AAAAB3NzaC1yc2EAAAADAQABAAABgQDD1/NhT86ZUz5DCmTPo3lV8iDh7acx0nhCKXmg8zVJcScdJbaq359MUiPAv5Mfz5xKiQWQtuuVPr3SYL8eRI+Kf2uWGYCErzcI8N1bqOPp5GJHeXueqW31YxBr/Y2IKyrsFmoAaUdXogopnGP/V8reJ7tQOyEmufUgGBLSkyE66HbmA4Y6GIPCRpaj1yYC9yagr2TxG0Z5XLDVK2Ssdtb+flMtwkV+HkXPoL/+BnE1kFYANpsK5zBAaNiMLesxb8fsTcxE5z1eK+/Ns4f0MeVAFmO8PdUJsBAE38VEPjSMVBmFHD5z+uY9xDmo9UGb5wexW+kDEOBdeNwaUNRBNxH3t3MaOmQ1vSHH9Dt3DI39QuimYQneLt+e3oKJoIGL5Stj+OiTXmlBFVk9KfJAskn9JTt211Wyb+y9Sibt+IjM7TEPC9BQtqheiQ/EDDiY5pFl9oA7hXqiqc1R7hl2nG3ld5wtAfQSFgWcxgfSguuXxdpD6dOGsiQBqsTIVok+2i8= root@vultrguest"
          }
        }
      ]
    },
    {
      "mode": "managed",
      "type": "vultr_firewall_group",
      "name": "swgemu_firewall",
      "provider": "provider.vultr",
      "instances": [
        {
          "schema_version": 0,
          "attributes": {
            "date_created": "2020-06-21 22:25:38",
            "date_modified": "2020-06-21 22:25:38",
            "description": "swgemu_firewall",
            "id": "c293bf40",
            "instance_count": 0,
            "max_rule_count": 50,
            "rule_count": 0
          },
          "private": "bnVsbA=="
        }
      ]
    },
    {
      "mode": "managed",
      "type": "vultr_firewall_rule",
      "name": "ssh_firewall_rule",
      "provider": "provider.vultr",
      "instances": [
        {
          "schema_version": 0,
          "attributes": {
            "firewall_group_id": "c293bf40",
            "from_port": 22,
            "id": "2",
            "ip_type": "v4",
            "network": "0.0.0.0/0",
            "notes": "",
            "protocol": "tcp",
            "to_port": 0
          },
          "private": "bnVsbA==",
          "dependencies": [
            "vultr_firewall_group.swgemu_firewall"
          ]
        }
      ]
    },
    {
      "mode": "managed",
      "type": "vultr_firewall_rule",
      "name": "swgemu_login_firewall_rule",
      "provider": "provider.vultr",
      "instances": [
        {
          "schema_version": 0,
          "attributes": {
            "firewall_group_id": "c293bf40",
            "from_port": 44453,
            "id": "1",
            "ip_type": "v4",
            "network": "0.0.0.0/0",
            "notes": "",
            "protocol": "tcp",
            "to_port": 0
          },
          "private": "bnVsbA==",
          "dependencies": [
            "vultr_firewall_group.swgemu_firewall"
          ]
        }
      ]
    },
    {
      "mode": "managed",
      "type": "vultr_server",
      "name": "swgemu",
      "provider": "provider.vultr",
      "instances": []
    }
  ]
}
